
Microsoft Visual Studio Solution File, Format Version 12.00
# Visual Studio Version 17
VisualStudioVersion = 17.8.34330.188
MinimumVisualStudioVersion = 10.0.40219.1
Project("{FAE04EC0-301F-11D3-BF4B-00C04F79EFBC}") = "WeatherApi", "WeatherApi\WeatherApi.csproj", "{0530237D-21E3-48FE-8EBD-E78A00B49CBD}"
EndProject
Global
	GlobalSection(SolutionConfigurationPlatforms) = preSolution
		Debug|Any CPU = Debug|Any CPU
		Release|Any CPU = Release|Any CPU
	EndGlobalSection
	GlobalSection(ProjectConfigurationPlatforms) = postSolution
		{0530237D-21E3-48FE-8EBD-E78A00B49CBD}.Debug|Any CPU.ActiveCfg = Debug|Any CPU
		{0530237D-21E3-48FE-8EBD-E78A00B49CBD}.Debug|Any CPU.Build.0 = Debug|Any CPU
		{0530237D-21E3-48FE-8EBD-E78A00B49CBD}.Release|Any CPU.ActiveCfg = Release|Any CPU
		{0530237D-21E3-48FE-8EBD-E78A00B49CBD}.Release|Any CPU.Build.0 = Release|Any CPU
	EndGlobalSection
	GlobalSection(SolutionProperties) = preSolution
		HideSolutionNode = FALSE
	EndGlobalSection
	GlobalSection(ExtensibilityGlobals) = postSolution
		SolutionGuid = {56C8245B-57CE-49F2-9E3C-9A66963F12B2}
	EndGlobalSection
EndGlobal
